{
  "name": "Flo_GitHuhAPI",
  "version": "1.0.0",
  "lockfileVersion": 1,
  "requires": true,
  "dependencies": {
    "@octokit/app": {
      "version": "15.1.0",
      "resolved": "https://registry.npmjs.org/@octokit/app/-/app-15.1.0.tgz",
      "integrity": "sha512-TkBr7QgOmE6ORxvIAhDbZsqPkF7RSqTY4pLTtUQCvr6dTXqvi2fFo46q3h1lxlk/sGMQjqyZ0kEahkD/NyzOHg==",
      "requires": {
        "@octokit/auth-app": "^7.0.0",
        "@octokit/auth-unauthenticated": "^6.0.0",
        "@octokit/core": "^6.1.2",
        "@octokit/oauth-app": "^7.0.0",
        "@octokit/plugin-paginate-rest": "^11.0.0",
        "@octokit/types": "^13.0.0",
        "@octokit/webhooks": "^13.0.0"
      }
    },
    "@octokit/auth-app": {
      "version": "7.1.0",
      "resolved": "https://registry.npmjs.org/@octokit/auth-app/-/auth-app-7.1.0.tgz",
      "integrity": "sha512-cazGaJPSgeZ8NkVYeM/C5l/6IQ5vZnsI8p1aMucadCkt/bndI+q+VqwrlnWbASRmenjOkf1t1RpCKrif53U8gw==",
      "requires": {
        "@octokit/auth-oauth-app": "^8.1.0",
        "@octokit/auth-oauth-user": "^5.1.0",
        "@octokit/request": "^9.1.1",
        "@octokit/request-error": "^6.1.1",
        "@octokit/types": "^13.4.1",
        "lru-cache": "^10.0.0",
        "universal-github-app-jwt": "^2.2.0",
        "universal-user-agent": "^7.0.0"
      }
    },
    "@octokit/auth-oauth-app": {
      "version": "8.1.1",
      "resolved": "https://registry.npmjs.org/@octokit/auth-oauth-app/-/auth-oauth-app-8.1.1.tgz",
      "integrity": "sha512-5UtmxXAvU2wfcHIPPDWzVSAWXVJzG3NWsxb7zCFplCWEmMCArSZV0UQu5jw5goLQXbFyOr5onzEH37UJB3zQQg==",
      "requires": {
        "@octokit/auth-oauth-device": "^7.0.0",
        "@octokit/auth-oauth-user": "^5.0.1",
        "@octokit/request": "^9.0.0",
        "@octokit/types": "^13.0.0",
        "universal-user-agent": "^7.0.0"
      }
    },
    "@octokit/auth-oauth-device": {
      "version": "7.1.1",
      "resolved": "https://registry.npmjs.org/@octokit/auth-oauth-device/-/auth-oauth-device-7.1.1.tgz",
      "integrity": "sha512-HWl8lYueHonuyjrKKIup/1tiy0xcmQCdq5ikvMO1YwkNNkxb6DXfrPjrMYItNLyCP/o2H87WuijuE+SlBTT8eg==",
      "requires": {
        "@octokit/oauth-methods": "^5.0.0",
        "@octokit/request": "^9.0.0",
        "@octokit/types": "^13.0.0",
        "universal-user-agent": "^7.0.0"
      }
    },
    "@octokit/auth-oauth-user": {
      "version": "5.1.1",
      "resolved": "https://registry.npmjs.org/@octokit/auth-oauth-user/-/auth-oauth-user-5.1.1.tgz",
      "integrity": "sha512-rRkMz0ErOppdvEfnemHJXgZ9vTPhBuC6yASeFaB7I2yLMd7QpjfrL1mnvRPlyKo+M6eeLxrKanXJ9Qte29SRsw==",
      "requires": {
        "@octokit/auth-oauth-device": "^7.0.1",
        "@octokit/oauth-methods": "^5.0.0",
        "@octokit/request": "^9.0.1",
        "@octokit/types": "^13.0.0",
        "universal-user-agent": "^7.0.0"
      }
    },
    "@octokit/auth-token": {
      "version": "5.1.1",
      "resolved": "https://registry.npmjs.org/@octokit/auth-token/-/auth-token-5.1.1.tgz",
      "integrity": "sha512-rh3G3wDO8J9wSjfI436JUKzHIxq8NaiL0tVeB2aXmG6p/9859aUOAjA9pmSPNGGZxfwmaJ9ozOJImuNVJdpvbA=="
    },
    "@octokit/auth-unauthenticated": {
      "version": "6.1.0",
      "resolved": "https://registry.npmjs.org/@octokit/auth-unauthenticated/-/auth-unauthenticated-6.1.0.tgz",
      "integrity": "sha512-zPSmfrUAcspZH/lOFQnVnvjQZsIvmfApQH6GzJrkIunDooU1Su2qt2FfMTSVPRp7WLTQyC20Kd55lF+mIYaohQ==",
      "requires": {
        "@octokit/request-error": "^6.0.1",
        "@octokit/types": "^13.0.0"
      }
    },
    "@octokit/core": {
      "version": "6.1.2",
      "resolved": "https://registry.npmjs.org/@octokit/core/-/core-6.1.2.tgz",
      "integrity": "sha512-hEb7Ma4cGJGEUNOAVmyfdB/3WirWMg5hDuNFVejGEDFqupeOysLc2sG6HJxY2etBp5YQu5Wtxwi020jS9xlUwg==",
      "requires": {
        "@octokit/auth-token": "^5.0.0",
        "@octokit/graphql": "^8.0.0",
        "@octokit/request": "^9.0.0",
        "@octokit/request-error": "^6.0.1",
        "@octokit/types": "^13.0.0",
        "before-after-hook": "^3.0.2",
        "universal-user-agent": "^7.0.0"
      }
    },
    "@octokit/endpoint": {
      "version": "10.1.1",
      "resolved": "https://registry.npmjs.org/@octokit/endpoint/-/endpoint-10.1.1.tgz",
      "integrity": "sha512-JYjh5rMOwXMJyUpj028cu0Gbp7qe/ihxfJMLc8VZBMMqSwLgOxDI1911gV4Enl1QSavAQNJcwmwBF9M0VvLh6Q==",
      "requires": {
        "@octokit/types": "^13.0.0",
        "universal-user-agent": "^7.0.2"
      }
    },
    "@octokit/graphql": {
      "version": "8.1.1",
      "resolved": "https://registry.npmjs.org/@octokit/graphql/-/graphql-8.1.1.tgz",
      "integrity": "sha512-ukiRmuHTi6ebQx/HFRCXKbDlOh/7xEV6QUXaE7MJEKGNAncGI/STSbOkl12qVXZrfZdpXctx5O9X1AIaebiDBg==",
      "requires": {
        "@octokit/request": "^9.0.0",
        "@octokit/types": "^13.0.0",
        "universal-user-agent": "^7.0.0"
      }
    },
    "@octokit/oauth-app": {
      "version": "7.1.3",
      "resolved": "https://registry.npmjs.org/@octokit/oauth-app/-/oauth-app-7.1.3.tgz",
      "integrity": "sha512-EHXbOpBkSGVVGF1W+NLMmsnSsJRkcrnVmDKt0TQYRBb6xWfWzoi9sBD4DIqZ8jGhOWO/V8t4fqFyJ4vDQDn9bg==",
      "requires": {
        "@octokit/auth-oauth-app": "^8.0.0",
        "@octokit/auth-oauth-user": "^5.0.1",
        "@octokit/auth-unauthenticated": "^6.0.0-beta.1",
        "@octokit/core": "^6.0.0",
        "@octokit/oauth-authorization-url": "^7.0.0",
        "@octokit/oauth-methods": "^5.0.0",
        "@types/aws-lambda": "^8.10.83",
        "universal-user-agent": "^7.0.0"
      }
    },
    "@octokit/oauth-authorization-url": {
      "version": "7.1.1",
      "resolved": "https://registry.npmjs.org/@octokit/oauth-authorization-url/-/oauth-authorization-url-7.1.1.tgz",
      "integrity": "sha512-ooXV8GBSabSWyhLUowlMIVd9l1s2nsOGQdlP2SQ4LnkEsGXzeCvbSbCPdZThXhEFzleGPwbapT0Sb+YhXRyjCA=="
    },
    "@octokit/oauth-methods": {
      "version": "5.1.2",
      "resolved": "https://registry.npmjs.org/@octokit/oauth-methods/-/oauth-methods-5.1.2.tgz",
      "integrity": "sha512-C5lglRD+sBlbrhCUTxgJAFjWgJlmTx5bQ7Ch0+2uqRjYv7Cfb5xpX4WuSC9UgQna3sqRGBL9EImX9PvTpMaQ7g==",
      "requires": {
        "@octokit/oauth-authorization-url": "^7.0.0",
        "@octokit/request": "^9.1.0",
        "@octokit/request-error": "^6.1.0",
        "@octokit/types": "^13.0.0"
      }
    },
    "@octokit/openapi-types": {
      "version": "22.2.0",
      "resolved": "https://registry.npmjs.org/@octokit/openapi-types/-/openapi-types-22.2.0.tgz",
      "integrity": "sha512-QBhVjcUa9W7Wwhm6DBFu6ZZ+1/t/oYxqc2tp81Pi41YNuJinbFRx8B133qVOrAaBbF7D/m0Et6f9/pZt9Rc+tg=="
    },
    "@octokit/openapi-webhooks-types": {
      "version": "8.3.0",
      "resolved": "https://registry.npmjs.org/@octokit/openapi-webhooks-types/-/openapi-webhooks-types-8.3.0.tgz",
      "integrity": "sha512-vKLsoR4xQxg4Z+6rU/F65ItTUz/EXbD+j/d4mlq2GW8TsA4Tc8Kdma2JTAAJ5hrKWUQzkR/Esn2fjsqiVRYaQg=="
    },
    "@octokit/plugin-paginate-graphql": {
      "version": "5.2.2",
      "resolved": "https://registry.npmjs.org/@octokit/plugin-paginate-graphql/-/plugin-paginate-graphql-5.2.2.tgz",
      "integrity": "sha512-7znSVvlNAOJisCqAnjN1FtEziweOHSjPGAuc5W58NeGNAr/ZB57yCsjQbXDlWsVryA7hHQaEQPcBbJYFawlkyg=="
    },
    "@octokit/plugin-paginate-rest": {
      "version": "11.3.3",
      "resolved": "https://registry.npmjs.org/@octokit/plugin-paginate-rest/-/plugin-paginate-rest-11.3.3.tgz",
      "integrity": "sha512-o4WRoOJZlKqEEgj+i9CpcmnByvtzoUYC6I8PD2SA95M+BJ2x8h7oLcVOg9qcowWXBOdcTRsMZiwvM3EyLm9AfA==",
      "requires": {
        "@octokit/types": "^13.5.0"
      }
    },
    "@octokit/plugin-rest-endpoint-methods": {
      "version": "13.2.4",
      "resolved": "https://registry.npmjs.org/@octokit/plugin-rest-endpoint-methods/-/plugin-rest-endpoint-methods-13.2.4.tgz",
      "integrity": "sha512-gusyAVgTrPiuXOdfqOySMDztQHv6928PQ3E4dqVGEtOvRXAKRbJR4b1zQyniIT9waqaWk/UDaoJ2dyPr7Bk7Iw==",
      "requires": {
        "@octokit/types": "^13.5.0"
      }
    },
    "@octokit/plugin-retry": {
      "version": "7.1.1",
      "resolved": "https://registry.npmjs.org/@octokit/plugin-retry/-/plugin-retry-7.1.1.tgz",
      "integrity": "sha512-G9Ue+x2odcb8E1XIPhaFBnTTIrrUDfXN05iFXiqhR+SeeeDMMILcAnysOsxUpEWcQp2e5Ft397FCXTcPkiPkLw==",
      "requires": {
        "@octokit/request-error": "^6.0.0",
        "@octokit/types": "^13.0.0",
        "bottleneck": "^2.15.3"
      }
    },
    "@octokit/plugin-throttling": {
      "version": "9.3.1",
      "resolved": "https://registry.npmjs.org/@octokit/plugin-throttling/-/plugin-throttling-9.3.1.tgz",
      "integrity": "sha512-Qd91H4liUBhwLB2h6jZ99bsxoQdhgPk6TdwnClPyTBSDAdviGPceViEgUwj+pcQDmB/rfAXAXK7MTochpHM3yQ==",
      "requires": {
        "@octokit/types": "^13.0.0",
        "bottleneck": "^2.15.3"
      }
    },
    "@octokit/request": {
      "version": "9.1.3",
      "resolved": "https://registry.npmjs.org/@octokit/request/-/request-9.1.3.tgz",
      "integrity": "sha512-V+TFhu5fdF3K58rs1pGUJIDH5RZLbZm5BI+MNF+6o/ssFNT4vWlCh/tVpF3NxGtP15HUxTTMUbsG5llAuU2CZA==",
      "requires": {
        "@octokit/endpoint": "^10.0.0",
        "@octokit/request-error": "^6.0.1",
        "@octokit/types": "^13.1.0",
        "universal-user-agent": "^7.0.2"
      }
    },
    "@octokit/request-error": {
      "version": "6.1.4",
      "resolved": "https://registry.npmjs.org/@octokit/request-error/-/request-error-6.1.4.tgz",
      "integrity": "sha512-VpAhIUxwhWZQImo/dWAN/NpPqqojR6PSLgLYAituLM6U+ddx9hCioFGwBr5Mi+oi5CLeJkcAs3gJ0PYYzU6wUg==",
      "requires": {
        "@octokit/types": "^13.0.0"
      }
    },
    "@octokit/types": {
      "version": "13.5.0",
      "resolved": "https://registry.npmjs.org/@octokit/types/-/types-13.5.0.tgz",
      "integrity": "sha512-HdqWTf5Z3qwDVlzCrP8UJquMwunpDiMPt5er+QjGzL4hqr/vBVY/MauQgS1xWxCDT1oMx1EULyqxncdCY/NVSQ==",
      "requires": {
        "@octokit/openapi-types": "^22.2.0"
      }
    },
    "@octokit/webhooks": {
      "version": "13.3.0",
      "resolved": "https://registry.npmjs.org/@octokit/webhooks/-/webhooks-13.3.0.tgz",
      "integrity": "sha512-TUkJLtI163Bz5+JK0O+zDkQpn4gKwN+BovclUvCj6pI/6RXrFqQvUMRS2M+Rt8Rv0qR3wjoMoOPmpJKeOh0nBg==",
      "requires": {
        "@octokit/openapi-webhooks-types": "8.3.0",
        "@octokit/request-error": "^6.0.1",
        "@octokit/webhooks-methods": "^5.0.0"
      }
    },
    "@octokit/webhooks-methods": {
      "version": "5.1.0",
      "resolved": "https://registry.npmjs.org/@octokit/webhooks-methods/-/webhooks-methods-5.1.0.tgz",
      "integrity": "sha512-yFZa3UH11VIxYnnoOYCVoJ3q4ChuSOk2IVBBQ0O3xtKX4x9bmKb/1t+Mxixv2iUhzMdOl1qeWJqEhouXXzB3rQ=="
    },
    "@types/aws-lambda": {
      "version": "8.10.142",
      "resolved": "https://registry.npmjs.org/@types/aws-lambda/-/aws-lambda-8.10.142.tgz",
      "integrity": "sha512-wy2y/2hQKrS6myOS++koXg3N1Hg+LLyPjaggCFajczSHZPqBnOMuT2sdH3kiASrmdBYyM3pmjyz5SoWraRllCQ=="
    },
    "before-after-hook": {
      "version": "3.0.2",
      "resolved": "https://registry.npmjs.org/before-after-hook/-/before-after-hook-3.0.2.tgz",
      "integrity": "sha512-Nik3Sc0ncrMK4UUdXQmAnRtzmNQTAAXmXIopizwZ1W1t8QmfJj+zL4OA2I7XPTPW5z5TDqv4hRo/JzouDJnX3A=="
    },
    "bottleneck": {
      "version": "2.19.5",
      "resolved": "https://registry.npmjs.org/bottleneck/-/bottleneck-2.19.5.tgz",
      "integrity": "sha512-VHiNCbI1lKdl44tGrhNfU3lup0Tj/ZBMJB5/2ZbNXRCPuRCO7ed2mgcK4r17y+KB2EfuYuRaVlwNbAeaWGSpbw=="
    },
    "decompress-response": {
      "version": "3.3.0",
      "resolved": "https://registry.npmjs.org/decompress-response/-/decompress-response-3.3.0.tgz",
      "integrity": "sha512-BzRPQuY1ip+qDonAOz42gRm/pg9F768C+npV/4JOsxRC2sq+Rlk+Q4ZCAsOhnIaMrgarILY+RMUIvMmmX1qAEA==",
      "requires": {
        "mimic-response": "^1.0.0"
      }
    },
    "duplexer3": {
      "version": "0.1.5",
      "resolved": "https://registry.npmjs.org/duplexer3/-/duplexer3-0.1.5.tgz",
      "integrity": "sha512-1A8za6ws41LQgv9HrE/66jyC5yuSjQ3L/KOpFtoBilsAK2iA2wuS5rTt1OCzIvtS2V7nVmedsUU+DGRcjBmOYA=="
    },
    "get-stream": {
      "version": "3.0.0",
      "resolved": "https://registry.npmjs.org/get-stream/-/get-stream-3.0.0.tgz",
      "integrity": "sha512-GlhdIUuVakc8SJ6kK0zAFbiGzRFzNnY4jUuEbV9UROo4Y+0Ny4fjvcZFVTeDA4odpFyOQzaw6hXukJSq/f28sQ=="
    },
    "gh-got": {
      "version": "6.0.0",
      "resolved": "https://registry.npmjs.org/gh-got/-/gh-got-6.0.0.tgz",
      "integrity": "sha512-F/mS+fsWQMo1zfgG9MD8KWvTWPPzzhuVwY++fhQ5Ggd+0P+CAMHtzMZhNxG+TqGfHDChJKsbh6otfMGqO2AKBw==",
      "requires": {
        "got": "^7.0.0",
        "is-plain-obj": "^1.1.0"
      }
    },
    "github-profile": {
      "version": "1.0.1",
      "resolved": "https://registry.npmjs.org/github-profile/-/github-profile-1.0.1.tgz",
      "integrity": "sha512-ZRE3PlGkFMyBnHDL4B97OtTGFd2W9hZsvrJabZrkOLwbr+Yit/9Vio21LdqkVWMRCR7Ua3gFLDHSnrS0G2Fbrg==",
      "requires": {
        "gh-got": "^6.0.0"
      }
    },
    "got": {
      "version": "7.1.0",
      "resolved": "https://registry.npmjs.org/got/-/got-7.1.0.tgz",
      "integrity": "sha512-Y5WMo7xKKq1muPsxD+KmrR8DH5auG7fBdDVueZwETwV6VytKyU9OX/ddpq2/1hp1vIPvVb4T81dKQz3BivkNLw==",
      "requires": {
        "decompress-response": "^3.2.0",
        "duplexer3": "^0.1.4",
        "get-stream": "^3.0.0",
        "is-plain-obj": "^1.1.0",
        "is-retry-allowed": "^1.0.0",
        "is-stream": "^1.0.0",
        "isurl": "^1.0.0-alpha5",
        "lowercase-keys": "^1.0.0",
        "p-cancelable": "^0.3.0",
        "p-timeout": "^1.1.1",
        "safe-buffer": "^5.0.1",
        "timed-out": "^4.0.0",
        "url-parse-lax": "^1.0.0",
        "url-to-options": "^1.0.1"
      }
    },
    "has-symbol-support-x": {
      "version": "1.4.2",
      "resolved": "https://registry.npmjs.org/has-symbol-support-x/-/has-symbol-support-x-1.4.2.tgz",
      "integrity": "sha512-3ToOva++HaW+eCpgqZrCfN51IPB+7bJNVT6CUATzueB5Heb8o6Nam0V3HG5dlDvZU1Gn5QLcbahiKw/XVk5JJw=="
    },
    "has-to-string-tag-x": {
      "version": "1.4.1",
      "resolved": "https://registry.npmjs.org/has-to-string-tag-x/-/has-to-string-tag-x-1.4.1.tgz",
      "integrity": "sha512-vdbKfmw+3LoOYVr+mtxHaX5a96+0f3DljYd8JOqvOLsf5mw2Otda2qCDT9qRqLAhrjyQ0h7ual5nOiASpsGNFw==",
      "requires": {
        "has-symbol-support-x": "^1.4.1"
      }
    },
    "is-object": {
      "version": "1.0.2",
      "resolved": "https://registry.npmjs.org/is-object/-/is-object-1.0.2.tgz",
      "integrity": "sha512-2rRIahhZr2UWb45fIOuvZGpFtz0TyOZLf32KxBbSoUCeZR495zCKlWUKKUByk3geS2eAs7ZAABt0Y/Rx0GiQGA=="
    },
    "is-plain-obj": {
      "version": "1.1.0",
      "resolved": "https://registry.npmjs.org/is-plain-obj/-/is-plain-obj-1.1.0.tgz",
      "integrity": "sha512-yvkRyxmFKEOQ4pNXCmJG5AEQNlXJS5LaONXo5/cLdTZdWvsZ1ioJEonLGAosKlMWE8lwUy/bJzMjcw8az73+Fg=="
    },
    "is-retry-allowed": {
      "version": "1.2.0",
      "resolved": "https://registry.npmjs.org/is-retry-allowed/-/is-retry-allowed-1.2.0.tgz",
      "integrity": "sha512-RUbUeKwvm3XG2VYamhJL1xFktgjvPzL0Hq8C+6yrWIswDy3BIXGqCxhxkc30N9jqK311gVU137K8Ei55/zVJRg=="
    },
    "is-stream": {
      "version": "1.1.0",
      "resolved": "https://registry.npmjs.org/is-stream/-/is-stream-1.1.0.tgz",
      "integrity": "sha512-uQPm8kcs47jx38atAcWTVxyltQYoPT68y9aWYdV6yWXSyW8mzSat0TL6CiWdZeCdF3KrAvpVtnHbTv4RN+rqdQ=="
    },
    "isurl": {
      "version": "1.0.0",
      "resolved": "https://registry.npmjs.org/isurl/-/isurl-1.0.0.tgz",
      "integrity": "sha512-1P/yWsxPlDtn7QeRD+ULKQPaIaN6yF368GZ2vDfv0AL0NwpStafjWCDDdn0k8wgFMWpVAqG7oJhxHnlud42i9w==",
      "requires": {
        "has-to-string-tag-x": "^1.2.0",
        "is-object": "^1.0.1"
      }
    },
    "lowercase-keys": {
      "version": "1.0.1",
      "resolved": "https://registry.npmjs.org/lowercase-keys/-/lowercase-keys-1.0.1.tgz",
      "integrity": "sha512-G2Lj61tXDnVFFOi8VZds+SoQjtQC3dgokKdDG2mTm1tx4m50NUHBOZSBwQQHyy0V12A0JTG4icfZQH+xPyh8VA=="
    },
    "lru-cache": {
      "version": "10.4.3",
      "resolved": "https://registry.npmjs.org/lru-cache/-/lru-cache-10.4.3.tgz",
      "integrity": "sha512-JNAzZcXrCt42VGLuYz0zfAzDfAvJWW6AfYlDBQyDV5DClI2m5sAmK+OIO7s59XfsRsWHp02jAJrRadPRGTt6SQ=="
    },
    "mimic-response": {
      "version": "1.0.1",
      "resolved": "https://registry.npmjs.org/mimic-response/-/mimic-response-1.0.1.tgz",
      "integrity": "sha512-j5EctnkH7amfV/q5Hgmoal1g2QHFJRraOtmx0JpIqkxhBhI/lJSl1nMpQ45hVarwNETOoWEimndZ4QK0RHxuxQ=="
    },
    "octokit": {
      "version": "4.0.2",
      "resolved": "https://registry.npmjs.org/octokit/-/octokit-4.0.2.tgz",
      "integrity": "sha512-wbqF4uc1YbcldtiBFfkSnquHtECEIpYD78YUXI6ri1Im5OO2NLo6ZVpRdbJpdnpZ05zMrVPssNiEo6JQtea+Qg==",
      "requires": {
        "@octokit/app": "^15.0.0",
        "@octokit/core": "^6.0.0",
        "@octokit/oauth-app": "^7.0.0",
        "@octokit/plugin-paginate-graphql": "^5.0.0",
        "@octokit/plugin-paginate-rest": "^11.0.0",
        "@octokit/plugin-rest-endpoint-methods": "^13.0.0",
        "@octokit/plugin-retry": "^7.0.0",
        "@octokit/plugin-throttling": "^9.0.0",
        "@octokit/request-error": "^6.0.0",
        "@octokit/types": "^13.0.0"
      }
    },
    "p-cancelable": {
      "version": "0.3.0",
      "resolved": "https://registry.npmjs.org/p-cancelable/-/p-cancelable-0.3.0.tgz",
      "integrity": "sha512-RVbZPLso8+jFeq1MfNvgXtCRED2raz/dKpacfTNxsx6pLEpEomM7gah6VeHSYV3+vo0OAi4MkArtQcWWXuQoyw=="
    },
    "p-finally": {
      "version": "1.0.0",
      "resolved": "https://registry.npmjs.org/p-finally/-/p-finally-1.0.0.tgz",
      "integrity": "sha512-LICb2p9CB7FS+0eR1oqWnHhp0FljGLZCWBE9aix0Uye9W8LTQPwMTYVGWQWIw9RdQiDg4+epXQODwIYJtSJaow=="
    },
    "p-timeout": {
      "version": "1.2.1",
      "resolved": "https://registry.npmjs.org/p-timeout/-/p-timeout-1.2.1.tgz",
      "integrity": "sha512-gb0ryzr+K2qFqFv6qi3khoeqMZF/+ajxQipEF6NteZVnvz9tzdsfAVj3lYtn1gAXvH5lfLwfxEII799gt/mRIA==",
      "requires": {
        "p-finally": "^1.0.0"
      }
    },
    "prepend-http": {
      "version": "1.0.4",
      "resolved": "https://registry.npmjs.org/prepend-http/-/prepend-http-1.0.4.tgz",
      "integrity": "sha512-PhmXi5XmoyKw1Un4E+opM2KcsJInDvKyuOumcjjw3waw86ZNjHwVUOOWLc4bCzLdcKNaWBH9e99sbWzDQsVaYg=="
    },
    "safe-buffer": {
      "version": "5.2.1",
      "resolved": "https://registry.npmjs.org/safe-buffer/-/safe-buffer-5.2.1.tgz",
      "integrity": "sha512-rp3So07KcdmmKbGvgaNxQSJr7bGVSVk5S9Eq1F+ppbRo70+YeaDxkw5Dd8NPN+GD6bjnYm2VuPuCXmpuYvmCXQ=="
    },
    "timed-out": {
      "version": "4.0.1",
      "resolved": "https://registry.npmjs.org/timed-out/-/timed-out-4.0.1.tgz",
      "integrity": "sha512-G7r3AhovYtr5YKOWQkta8RKAPb+J9IsO4uVmzjl8AZwfhs8UcUwTiD6gcJYSgOtzyjvQKrKYn41syHbUWMkafA=="
    },
    "universal-github-app-jwt": {
      "version": "2.2.0",
      "resolved": "https://registry.npmjs.org/universal-github-app-jwt/-/universal-github-app-jwt-2.2.0.tgz",
      "integrity": "sha512-G5o6f95b5BggDGuUfKDApKaCgNYy2x7OdHY0zSMF081O0EJobw+1130VONhrA7ezGSV2FNOGyM+KQpQZAr9bIQ=="
    },
    "universal-user-agent": {
      "version": "7.0.2",
      "resolved": "https://registry.npmjs.org/universal-user-agent/-/universal-user-agent-7.0.2.tgz",
      "integrity": "sha512-0JCqzSKnStlRRQfCdowvqy3cy0Dvtlb8xecj/H8JFZuCze4rwjPZQOgvFvn0Ws/usCHQFGpyr+pB9adaGwXn4Q=="
    },
    "url-parse-lax": {
      "version": "1.0.0",
      "resolved": "https://registry.npmjs.org/url-parse-lax/-/url-parse-lax-1.0.0.tgz",
      "integrity": "sha512-BVA4lR5PIviy2PMseNd2jbFQ+jwSwQGdJejf5ctd1rEXt0Ypd7yanUK9+lYechVlN5VaTJGsu2U/3MDDu6KgBA==",
      "requires": {
        "prepend-http": "^1.0.1"
      }
    },
    "url-to-options": {
      "version": "1.0.1",
      "resolved": "https://registry.npmjs.org/url-to-options/-/url-to-options-1.0.1.tgz",
      "integrity": "sha512-0kQLIzG4fdk/G5NONku64rSH/x32NOA39LVQqlK8Le6lvTF6GGRJpqaQFGgU+CLwySIqBSMdwYM0sYcW9f6P4A=="
    }
  }
}
